// !$*UTF8*$!
{
	archiveVersion = 1;
	classes = {
	};
	objectVersion = 46;
	objects = {

/* Begin PBXBuildFile section */
		2329A54219AAA61100692DDC /* AppDelegate.swift in Sources */ = {isa = PBXBuildFile; fileRef = 2329A54119AAA61100692DDC /* AppDelegate.swift */; };
		2329A54419AAA61100692DDC /* ViewController.swift in Sources */ = {isa = PBXBuildFile; fileRef = 2329A54319AAA61100692DDC /* ViewController.swift */; };
		2329A54719AAA61100692DDC /* Main.storyboard in Resources */ = {isa = PBXBuildFile; fileRef = 2329A54519AAA61100692DDC /* Main.storyboard */; };
		2329A54919AAA61100692DDC /* Images.xcassets in Resources */ = {isa = PBXBuildFile; fileRef = 2329A54819AAA61100692DDC /* Images.xcassets */; };
		2329A55519AAA61200692DDC /* LoveFinderTests.swift in Sources */ = {isa = PBXBuildFile; fileRef = 2329A55419AAA61200692DDC /* LoveFinderTests.swift */; };
/* End PBXBuildFile section */

/* Begin PBXContainerItemProxy section */
		2329A54F19AAA61200692DDC /* PBXContainerItemProxy */ = {
			isa = PBXContainerItemProxy;
			containerPortal = 2329A53419AAA61100692DDC /* Project object */;
			proxyType = 1;
			remoteGlobalIDString = 2329A53B19AAA61100692DDC;
			remoteInfo = LoveFinder;
		};
/* End PBXContainerItemProxy section */

/* Begin PBXFileReference section */
		2329A53C19AAA61100692DDC /* LoveFinder.app */ = {isa = PBXFileReference; explicitFileType = wrapper.application; includeInIndex = 0; path = LoveFinder.app; sourceTree = BUILT_PRODUCTS_DIR; };
		2329A54019AAA61100692DDC /* Info.plist */ = {isa = PBXFileReference; lastKnownFileType = text.plist.xml; path = Info.plist; sourceTree = "<group>"; };
		2329A54119AAA61100692DDC /* AppDelegate.swift */ = {isa = PBXFileReference; lastKnownFileType = sourcecode.swift; path = AppDelegate.swift; sourceTree = "<group>"; };
		2329A54319AAA61100692DDC /* ViewController.swift */ = {isa = PBXFileReference; lastKnownFileType = sourcecode.swift; path = ViewController.swift; sourceTree = "<group>"; };
		2329A54619AAA61100692DDC /* Base */ = {isa = PBXFileReference; lastKnownFileType = file.storyboard; name = Base; path = Base.lproj/Main.storyboard; sourceTree = "<group>"; };
		2329A54819AAA61100692DDC /* Images.xcassets */ = {isa = PBXFileReference; lastKnownFileType = folder.assetcatalog; path = Images.xcassets; sourceTree = "<group>"; };
		2329A54E19AAA61200692DDC /* LoveFinderTests.xctest */ = {isa = PBXFileReference; explicitFileType = wrapper.cfbundle; includeInIndex = 0; path = LoveFinderTests.xctest; sourceTree = BUILT_PRODUCTS_DIR; };
		2329A55319AAA61200692DDC /* Info.plist */ = {isa = PBXFileReference; lastKnownFileType = text.plist.xml; path = Info.plist; sourceTree = "<group>"; };
		2329A55419AAA61200692DDC /* LoveFinderTests.swift */ = {isa = PBXFileReference; lastKnownFileType = sourcecode.swift; path = LoveFinderTests.swift; sourceTree = "<group>"; };
		23D4595119AB627900F6A4E0 /* MyPlayground.playground */ = {isa = PBXFileReference; lastKnownFileType = file.playground; path = MyPlayground.playground; sourceTree = "<group>"; };
/* End PBXFileReference section */

/* Begin PBXFrameworksBuildPhase section */
		2329A53919AAA61100692DDC /* Frameworks */ = {
			isa = PBXFrameworksBuildPhase;
			buildActionMask = 2147483647;
			files = (
			);
			runOnlyForDeploymentPostprocessing = 0;
		};
		2329A54B19AAA61200692DDC /* Frameworks */ = {
			isa = PBXFrameworksBuildPhase;
			buildActionMask = 2147483647;
			files = (
			);
			runOnlyForDeploymentPostprocessing = 0;
		};
/* End PBXFrameworksBuildPhase section */

/* Begin PBXGroup section */
		2329A53319AAA61100692DDC = {
			isa = PBXGroup;
			children = (
				2329A53E19AAA61100692DDC /* LoveFinder */,
				2329A55119AAA61200692DDC /* LoveFinderTests */,
				2329A53D19AAA61100692DDC /* Products */,
			);
			sourceTree = "<group>";
		};
		2329A53D19AAA61100692DDC /* Products */ = {
			isa = PBXGroup;
			children = (
				2329A53C19AAA61100692DDC /* LoveFinder.app */,
				2329A54E19AAA61200692DDC /* LoveFinderTests.xctest */,
			);
			name = Products;
			sourceTree = "<group>";
		};
		2329A53E19AAA61100692DDC /* LoveFinder */ = {
			isa = PBXGroup;
			children = (
				2329A54119AAA61100692DDC /* AppDelegate.swift */,
				2329A54319AAA61100692DDC /* ViewController.swift */,
				2329A54519AAA61100692DDC /* Main.storyboard */,
				2329A54819AAA61100692DDC /* Images.xcassets */,
				2329A53F19AAA61100692DDC /* Supporting Files */,
				23D4595119AB627900F6A4E0 /* MyPlayground.playground */,
			);
			path = LoveFinder;
			sourceTree = "<group>";
		};
		2329A53F19AAA61100692DDC /* Supporting Files */ = {
			isa = PBXGroup;
			children = (
				2329A54019AAA61100692DDC /* Info.plist */,
			);
			name = "Supporting Files";
			sourceTree = "<group>";
		};
		2329A55119AAA61200692DDC /* LoveFinderTests */ = {
			isa = PBXGroup;
			children = (
				2329A55419AAA61200692DDC /* LoveFinderTests.swift */,
				2329A55219AAA61200692DDC /* Supporting Files */,
			);
			path = LoveFinderTests;
			sourceTree = "<group>";
		};
		2329A55219AAA61200692DDC /* Supporting Files */ = {
			isa = PBXGroup;
			children = (
				2329A55319AAA61200692DDC /* Info.plist */,
			);
			name = "Supporting Files";
			sourceTree = "<group>";
		};
/* End PBXGroup section */

/* Begin PBXNativeTarget section */
		2329A53B19AAA61100692DDC /* LoveFinder */ = {
			isa = PBXNativeTarget;
			buildConfigurationList = 2329A55819AAA61200692DDC /* Build configuration list for PBXNativeTarget "LoveFinder" */;
			buildPhases = (
				2329A53819AAA61100692DDC /* Sources */,
				2329A53919AAA61100692DDC /* Frameworks */,
				2329A53A19AAA61100692DDC /* Resources */,
			);
			buildRules = (
			);
			dependencies = (
			);
			name = LoveFinder;
			productName = LoveFinder;
			productReference = 2329A53C19AAA61100692DDC /* LoveFinder.app */;
			productType = "com.apple.product-type.application";
		};
		2329A54D19AAA61200692DDC /* LoveFinderTests */ = {
			isa = PBXNativeTarget;
			buildConfigurationList = 2329A55B19AAA61200692DDC /* Build configuration list for PBXNativeTarget "LoveFinderTests" */;
			buildPhases = (
				2329A54A19AAA61200692DDC /* Sources */,
				2329A54B19AAA61200692DDC /* Frameworks */,
				2329A54C19AAA61200692DDC /* Resources */,
			);
			buildRules = (
			);
			dependencies = (
				2329A55019AAA61200692DDC /* PBXTargetDependency */,
			);
			name = LoveFinderTests;
			productName = LoveFinderTests;
			productReference = 2329A54E19AAA61200692DDC /* LoveFinderTests.xctest */;
			productType = "com.apple.product-type.bundle.unit-test";
		};
/* End PBXNativeTarget section */

/* Begin PBXProject section */
		2329A53419AAA61100692DDC /* Project object */ = {
			isa = PBXProject;
			attributes = {
				LastUpgradeCheck = 0600;
				ORGANIZATIONNAME = rushjet;
				TargetAttributes = {
					2329A53B19AAA61100692DDC = {
						CreatedOnToolsVersion = 6.0;
					};
					2329A54D19AAA61200692DDC = {
						CreatedOnToolsVersion = 6.0;
						TestTargetID = 2329A53B19AAA61100692DDC;
					};
				};
			};
			buildConfigurationList = 2329A53719AAA61100692DDC /* Build configuration list for PBXProject "LoveFinder" */;
			compatibilityVersion = "Xcode 3.2";
			developmentRegion = English;
			hasScannedForEncodings = 0;
			knownRegions = (
				en,
				Base,
			);
			mainGroup = 2329A53319AAA61100692DDC;
			productRefGroup = 2329A53D19AAA61100692DDC /* Products */;
			projectDirPath = "";
			projectRoot = "";
			targets = (
				2329A53B19AAA61100692DDC /* LoveFinder */,
				2329A54D19AAA61200692DDC /* LoveFinderTests */,
			);
		};
/* End PBXProject section */

/* Begin PBXResourcesBuildPhase section */
		2329A53A19AAA61100692DDC /* Resources */ = {
			isa = PBXResourcesBuildPhase;
			buildActionMask = 2147483647;
			files = (
				2329A54719AAA61100692DDC /* Main.storyboard in Resources */,
				2329A54919AAA61100692DDC /* Images.xcassets in Resources */,
			);
			runOnlyForDeploymentPostprocessing = 0;
		};
		2329A54C19AAA61200692DDC /* Resources */ = {
			isa = PBXResourcesBuildPhase;
			buildActionMask = 2147483647;
			files = (
			);
			runOnlyForDeploymentPostprocessing = 0;
		};
/* End PBXResourcesBuildPhase section */

/* Begin PBXSourcesBuildPhase section */
		2329A53819AAA61100692DDC /* Sources */ = {
			isa = PBXSourcesBuildPhase;
			buildActionMask = 2147483647;
			files = (
				2329A54419AAA61100692DDC /* ViewController.swift in Sources */,
				2329A54219AAA61100692DDC /* AppDelegate.swift in Sources */,
			);
			runOnlyForDeploymentPostprocessing = 0;
		};
		2329A54A19AAA61200692DDC /* Sources */ = {
			isa = PBXSourcesBuildPhase;
			buildActionMask = 2147483647;
			files = (
				2329A55519AAA61200692DDC /* LoveFinderTests.swift in Sources */,
			);
			runOnlyForDeploymentPostprocessing = 0;
		};
/* End PBXSourcesBuildPhase section */

/* Begin PBXTargetDependency section */
		2329A55019AAA61200692DDC /* PBXTargetDependency */ = {
			isa = PBXTargetDependency;
			target = 2329A53B19AAA61100692DDC /* LoveFinder */;
			targetProxy = 2329A54F19AAA61200692DDC /* PBXContainerItemProxy */;
		};
/* End PBXTargetDependency section */

/* Begin PBXVariantGroup section */
		2329A54519AAA61100692DDC /* Main.storyboard */ = {
			isa = PBXVariantGroup;
			children = (
				2329A54619AAA61100692DDC /* Base */,
			);
			name = Main.storyboard;
			sourceTree = "<group>";
		};
/* End PBXVariantGroup section */

/* Begin XCBuildConfiguration section */
		2329A55619AAA61200692DDC /* Debug */ = {
			isa = XCBuildConfiguration;
			buildSettings = {
				ALWAYS_SEARCH_USER_PATHS = NO;
				CLANG_CXX_LANGUAGE_STANDARD = "gnu++0x";
				CLANG_CXX_LIBRARY = "libc++";
				CLANG_ENABLE_MODULES = YES;
				CLANG_ENABLE_OBJC_ARC = YES;
				CLANG_WARN_BOOL_CONVERSION = YES;
				CLANG_WARN_CONSTANT_CONVERSION = YES;
				CLANG_WARN_DIRECT_OBJC_ISA_USAGE = YES_ERROR;
				CLANG_WARN_EMPTY_BODY = YES;
				CLANG_WARN_ENUM_CONVERSION = YES;
				CLANG_WARN_INT_CONVERSION = YES;
				CLANG_WARN_OBJC_ROOT_CLASS = YES_ERROR;
				CLANG_WARN_UNREACHABLE_CODE = YES;
				CLANG_WARN__DUPLICATE_METHOD_MATCH = YES;
				"CODE_SIGN_IDENTITY[sdk=iphoneos*]" = "iPhone Developer";
				COPY_PHASE_STRIP = NO;
				ENABLE_STRICT_OBJC_MSGSEND = YES;
				GCC_C_LANGUAGE_STANDARD = gnu99;
				GCC_DYNAMIC_NO_PIC = NO;
				GCC_OPTIMIZATION_LEVEL = 0;
				GCC_PREPROCESSOR_DEFINITIONS = (
					"DEBUG=1",
					"$(inherited)",
				);
				GCC_SYMBOLS_PRIVATE_EXTERN = NO;
				GCC_WARN_64_TO_32_BIT_CONVERSION = YES;
				GCC_WARN_ABOUT_RETURN_TYPE = YES_ERROR;
				GCC_WARN_UNDECLARED_SELECTOR = YES;
				GCC_WARN_UNINITIALIZED_AUTOS = YES_AGGRESSIVE;
				GCC_WARN_UNUSED_FUNCTION = YES;
				GCC_WARN_UNUSED_VARIABLE = YES;
				IPHONEOS_DEPLOYMENT_TARGET = 8.0;
				MTL_ENABLE_DEBUG_INFO = YES;
				ONLY_ACTIVE_ARCH = YES;
				SDKROOT = iphoneos;
				SWIFT_OPTIMIZATION_LEVEL = "-Onone";
			};
			name = Debug;
		};
		2329A55719AAA61200692DDC /* Release */ = {
			isa = XCBuildConfiguration;
			buildSettings = {
				ALWAYS_SEARCH_USER_PATHS = NO;
				CLANG_CXX_LANGUAGE_STANDARD = "gnu++0x";
				CLANG_CXX_LIBRARY = "libc++";
				CLANG_ENABLE_MODULES = YES;
				CLANG_ENABLE_OBJC_ARC = YES;
				CLANG_WARN_BOOL_CONVERSION = YES;
				CLANG_WARN_CONSTANT_CONVERSION = YES;
				CLANG_WARN_DIRECT_OBJC_ISA_USAGE = YES_ERROR;
				CLANG_WARN_EMPTY_BODY = YES;
				CLANG_WARN_ENUM_CONVERSION = YES;
				CLANG_WARN_INT_CONVERSION = YES;
				CLANG_WARN_OBJC_ROOT_CLASS = YES_ERROR;
				CLANG_WARN_UNREACHABLE_CODE = YES;
				CLANG_WARN__DUPLICATE_METHOD_MATCH = YES;
				"CODE_SIGN_IDENTITY[sdk=iphoneos*]" = "iPhone Developer";
				COPY_PHASE_STRIP = YES;
				ENABLE_NS_ASSERTIONS = NO;
				ENABLE_STRICT_OBJC_MSGSEND = YES;
				GCC_C_LANGUAGE_STANDARD = gnu99;
				GCC_WARN_64_TO_32_BIT_CONVERSION = YES;
				GCC_WARN_ABOUT_RETURN_TYPE = YES_ERROR;
				GCC_WARN_UNDECLARED_SELECTOR = YES;
				GCC_WARN_UNINITIALIZED_AUTOS = YES_AGGRESSIVE;
				GCC_WARN_UNUSED_FUNCTION = YES;
				GCC_WARN_UNUSED_VARIABLE = YES;
				IPHONEOS_DEPLOYMENT_TARGET = 8.0;
				MTL_ENABLE_DEBUG_INFO = NO;
				SDKROOT = iphoneos;
				VALIDATE_PRODUCT = YES;
			};
			name = Release;
		};
		2329A55919AAA61200692DDC /* Debug */ = {
			isa = XCBuildConfiguration;
			buildSettings = {
				ASSETCATALOG_COMPILER_APPICON_NAME = AppIcon;
				ASSETCATALOG_COMPILER_LAUNCHIMAGE_NAME = LaunchImage;
				INFOPLIST_FILE = LoveFinder/Info.plist;
				LD_RUNPATH_SEARCH_PATHS = "$(inherited) @executable_path/Frameworks";
				PRODUCT_NAME = "$(TARGET_NAME)";
			};
			name = Debug;
		};
		2329A55A19AAA61200692DDC /* Release */ = {
			isa = XCBuildConfiguration;
			buildSettings = {
				ASSETCATALOG_COMPILER_APPICON_NAME = AppIcon;
				ASSETCATALOG_COMPILER_LAUNCHIMAGE_NAME = LaunchImage;
				INFOPLIST_FILE = LoveFinder/Info.plist;
				LD_RUNPATH_SEARCH_PATHS = "$(inherited) @executable_path/Frameworks";
				PRODUCT_NAME = "$(TARGET_NAME)";
			};
			name = Release;
		};
		2329A55C19AAA61200692DDC /* Debug */ = {
			isa = XCBuildConfiguration;
			buildSettings = {
				BUNDLE_LOADER = "$(TEST_HOST)";
				FRAMEWORK_SEARCH_PATHS = (
					"$(SDKROOT)/Developer/Library/Frameworks",
					"$(inherited)",
				);
				GCC_PREPROCESSOR_DEFINITIONS = (
					"DEBUG=1",
					"$(inherited)",
				);
				INFOPLIST_FILE = LoveFinderTests/Info.plist;
				LD_RUNPATH_SEARCH_PATHS = "$(inherited) @executable_path/Frameworks @loader_path/Frameworks";
				PRODUCT_NAME = "$(TARGET_NAME)";
				TEST_HOST = "$(BUILT_PRODUCTS_DIR)/LoveFinder.app/LoveFinder";
			};
			name = Debug;
		};
		2329A55D19AAA61200692DDC /* Release */ = {
			isa = XCBuildConfiguration;
			buildSettings = {
				BUNDLE_LOADER = "$(TEST_HOST)";
				FRAMEWORK_SEARCH_PATHS = (
					"$(SDKROOT)/Developer/Library/Frameworks",
					"$(inherited)",
				);
				INFOPLIST_FILE = LoveFinderTests/Info.plist;
				LD_RUNPATH_SEARCH_PATHS = "$(inherited) @executable_path/Frameworks @loader_path/Frameworks";
				PRODUCT_NAME = "$(TARGET_NAME)";
				TEST_HOST = "$(BUILT_PRODUCTS_DIR)/LoveFinder.app/LoveFinder";
			};
			name = Release;
		};
/* End XCBuildConfiguration section */

/* Begin XCConfigurationList section */
		2329A53719AAA61100692DDC /* Build configuration list for PBXProject "LoveFinder" */ = {
			isa = XCConfigurationList;
			buildConfigurations = (
				2329A55619AAA61200692DDC /* Debug */,
				2329A55719AAA61200692DDC /* Release */,
			);
			defaultConfigurationIsVisible = 0;
			defaultConfigurationName = Release;
		};
		2329A55819AAA61200692DDC /* Build configuration list for PBXNativeTarget "LoveFinder" */ = {
			isa = XCConfigurationList;
			buildConfigurations = (
				2329A55919AAA61200692DDC /* Debug */,
				2329A55A19AAA61200692DDC /* Release */,
			);
			defaultConfigurationIsVisible = 0;
			defaultConfigurationName = Release;
		};
		2329A55B19AAA61200692DDC /* Build configuration list for PBXNativeTarget "LoveFinderTests" */ = {
			isa = XCConfigurationList;
			buildConfigurations = (
				2329A55C19AAA61200692DDC /* Debug */,
				2329A55D19AAA61200692DDC /* Release */,
			);
			defaultConfigurationIsVisible = 0;
			defaultConfigurationName = Release;
		};
/* End XCConfigurationList section */
	};
	rootObject = 2329A53419AAA61100692DDC /* Project object */;
}
